
Microsoft Visual Studio Solution File, Format Version 12.00
# Visual Studio Version 17
VisualStudioVersion = 17.9.34714.143
MinimumVisualStudioVersion = 10.0.40219.1
Project("{FAE04EC0-301F-11D3-BF4B-00C04F79EFBC}") = "C# Project", "C# Project\C# Project.csproj", "{76FEDD43-AF37-45C4-A170-9734B3D5456F}"
EndProject
Global
	GlobalSection(SolutionConfigurationPlatforms) = preSolution
		Debug|Any CPU = Debug|Any CPU
		Release|Any CPU = Release|Any CPU
	EndGlobalSection
	GlobalSection(ProjectConfigurationPlatforms) = postSolution
		{76FEDD43-AF37-45C4-A170-9734B3D5456F}.Debug|Any CPU.ActiveCfg = Debug|Any CPU
		{76FEDD43-AF37-45C4-A170-9734B3D5456F}.Debug|Any CPU.Build.0 = Debug|Any CPU
		{76FEDD43-AF37-45C4-A170-9734B3D5456F}.Release|Any CPU.ActiveCfg = Release|Any CPU
		{76FEDD43-AF37-45C4-A170-9734B3D5456F}.Release|Any CPU.Build.0 = Release|Any CPU
	EndGlobalSection
	GlobalSection(SolutionProperties) = preSolution
		HideSolutionNode = FALSE
	EndGlobalSection
	GlobalSection(ExtensibilityGlobals) = postSolution
		SolutionGuid = {5DA76EAF-65A5-49C7-BD29-3ACF87DE8D6F}
	EndGlobalSection
EndGlobal
